
Microsoft Visual Studio Solution File, Format Version 12.00
# Visual Studio Version 16
VisualStudioVersion = 25.0.1706.0
MinimumVisualStudioVersion = 10.0.40219.1
Project("{FAE04EC0-301F-11D3-BF4B-00C04F79EFBC}") = "MyFirstApp", "MyFirstApp\MyFirstApp.csproj", "{7B6EAC41-74FB-49B2-81E7-2005269A3616}"
EndProject
Project("{FAE04EC0-301F-11D3-BF4B-00C04F79EFBC}") = "test", "..\..\..\..\..\Downloads\test\test.csproj", "{4E062EDC-BB35-4573-B363-2D732FD18A82}"
EndProject
Project("{FAE04EC0-301F-11D3-BF4B-00C04F79EFBC}") = "middleware", "..\middleware\middleware.csproj", "{CD2A65ED-1648-4EEE-87F8-7AD3CC558F43}"
EndProject
Global
	GlobalSection(SolutionConfigurationPlatforms) = preSolution
		Debug|Any CPU = Debug|Any CPU
		Release|Any CPU = Release|Any CPU
	EndGlobalSection
	GlobalSection(ProjectConfigurationPlatforms) = postSolution
		{7B6EAC41-74FB-49B2-81E7-2005269A3616}.Debug|Any CPU.ActiveCfg = Debug|Any CPU
		{7B6EAC41-74FB-49B2-81E7-2005269A3616}.Debug|Any CPU.Build.0 = Debug|Any CPU
		{7B6EAC41-74FB-49B2-81E7-2005269A3616}.Release|Any CPU.ActiveCfg = Release|Any CPU
		{7B6EAC41-74FB-49B2-81E7-2005269A3616}.Release|Any CPU.Build.0 = Release|Any CPU
		{4E062EDC-BB35-4573-B363-2D732FD18A82}.Debug|Any CPU.ActiveCfg = Debug|Any CPU
		{4E062EDC-BB35-4573-B363-2D732FD18A82}.Debug|Any CPU.Build.0 = Debug|Any CPU
		{4E062EDC-BB35-4573-B363-2D732FD18A82}.Release|Any CPU.ActiveCfg = Release|Any CPU
		{4E062EDC-BB35-4573-B363-2D732FD18A82}.Release|Any CPU.Build.0 = Release|Any CPU
		{CD2A65ED-1648-4EEE-87F8-7AD3CC558F43}.Debug|Any CPU.ActiveCfg = Debug|Any CPU
		{CD2A65ED-1648-4EEE-87F8-7AD3CC558F43}.Debug|Any CPU.Build.0 = Debug|Any CPU
		{CD2A65ED-1648-4EEE-87F8-7AD3CC558F43}.Release|Any CPU.ActiveCfg = Release|Any CPU
		{CD2A65ED-1648-4EEE-87F8-7AD3CC558F43}.Release|Any CPU.Build.0 = Release|Any CPU
	EndGlobalSection
	GlobalSection(SolutionProperties) = preSolution
		HideSolutionNode = FALSE
	EndGlobalSection
	GlobalSection(ExtensibilityGlobals) = postSolution
		SolutionGuid = {036B5495-2CCF-48BE-BEA2-3C5CB939921F}
	EndGlobalSection
EndGlobal
