
Microsoft Visual Studio Solution File, Format Version 12.00
# Visual Studio Version 16
VisualStudioVersion = 25.0.1706.0
MinimumVisualStudioVersion = 10.0.40219.1
Project("{FAE04EC0-301F-11D3-BF4B-00C04F79EFBC}") = "SocialMediaApp", "SocialMediaApp\SocialMediaApp.csproj", "{39750751-2143-4124-8980-7087BA00D926}"
EndProject
Global
	GlobalSection(SolutionConfigurationPlatforms) = preSolution
		Debug|Any CPU = Debug|Any CPU
		Release|Any CPU = Release|Any CPU
	EndGlobalSection
	GlobalSection(ProjectConfigurationPlatforms) = postSolution
		{39750751-2143-4124-8980-7087BA00D926}.Debug|Any CPU.ActiveCfg = Debug|Any CPU
		{39750751-2143-4124-8980-7087BA00D926}.Debug|Any CPU.Build.0 = Debug|Any CPU
		{39750751-2143-4124-8980-7087BA00D926}.Release|Any CPU.ActiveCfg = Release|Any CPU
		{39750751-2143-4124-8980-7087BA00D926}.Release|Any CPU.Build.0 = Release|Any CPU
	EndGlobalSection
	GlobalSection(SolutionProperties) = preSolution
		HideSolutionNode = FALSE
	EndGlobalSection
	GlobalSection(ExtensibilityGlobals) = postSolution
		SolutionGuid = {3C548DFB-267C-4C20-927C-7C770B947CAD}
	EndGlobalSection
EndGlobal
