
Microsoft Visual Studio Solution File, Format Version 12.00
# Visual Studio Version 16
VisualStudioVersion = 25.0.1706.0
MinimumVisualStudioVersion = 10.0.40219.1
Project("{FAE04EC0-301F-11D3-BF4B-00C04F79EFBC}") = "OrdersApp", "OrdersApp.csproj", "{747EA635-257A-4560-9A70-3B706A52811C}"
EndProject
Global
	GlobalSection(SolutionConfigurationPlatforms) = preSolution
		Debug|Any CPU = Debug|Any CPU
		Release|Any CPU = Release|Any CPU
	EndGlobalSection
	GlobalSection(ProjectConfigurationPlatforms) = postSolution
		{747EA635-257A-4560-9A70-3B706A52811C}.Debug|Any CPU.ActiveCfg = Debug|Any CPU
		{747EA635-257A-4560-9A70-3B706A52811C}.Debug|Any CPU.Build.0 = Debug|Any CPU
		{747EA635-257A-4560-9A70-3B706A52811C}.Release|Any CPU.ActiveCfg = Release|Any CPU
		{747EA635-257A-4560-9A70-3B706A52811C}.Release|Any CPU.Build.0 = Release|Any CPU
	EndGlobalSection
	GlobalSection(SolutionProperties) = preSolution
		HideSolutionNode = FALSE
	EndGlobalSection
	GlobalSection(ExtensibilityGlobals) = postSolution
		SolutionGuid = {CA6586D2-B7F8-45E3-8229-0E653D71FD45}
	EndGlobalSection
EndGlobal
