
Microsoft Visual Studio Solution File, Format Version 12.00
# Visual Studio Version 16
VisualStudioVersion = 25.0.1706.0
MinimumVisualStudioVersion = 10.0.40219.1
Project("{FAE04EC0-301F-11D3-BF4B-00C04F79EFBC}") = "BankSolution", "BankSolution.csproj", "{C0089A24-1F80-4A5C-998D-7C161D3C5820}"
EndProject
Global
	GlobalSection(SolutionConfigurationPlatforms) = preSolution
		Debug|Any CPU = Debug|Any CPU
		Release|Any CPU = Release|Any CPU
	EndGlobalSection
	GlobalSection(ProjectConfigurationPlatforms) = postSolution
		{C0089A24-1F80-4A5C-998D-7C161D3C5820}.Debug|Any CPU.ActiveCfg = Debug|Any CPU
		{C0089A24-1F80-4A5C-998D-7C161D3C5820}.Debug|Any CPU.Build.0 = Debug|Any CPU
		{C0089A24-1F80-4A5C-998D-7C161D3C5820}.Release|Any CPU.ActiveCfg = Release|Any CPU
		{C0089A24-1F80-4A5C-998D-7C161D3C5820}.Release|Any CPU.Build.0 = Release|Any CPU
	EndGlobalSection
	GlobalSection(SolutionProperties) = preSolution
		HideSolutionNode = FALSE
	EndGlobalSection
	GlobalSection(ExtensibilityGlobals) = postSolution
		SolutionGuid = {3B8DB951-4907-45D6-B24B-BBDD1FE72807}
	EndGlobalSection
EndGlobal
